
Microsoft Visual Studio Solution File, Format Version 12.00
# Visual Studio Version 17
VisualStudioVersion = 17.9.34728.123
MinimumVisualStudioVersion = 10.0.40219.1
Project("{2150E333-8FDC-42A3-9474-1A3956D46DE8}") = "Services", "Services", "{780A4145-F0DA-4893-BC90-91AE40B86E5D}"
EndProject
Project("{2150E333-8FDC-42A3-9474-1A3956D46DE8}") = "Catalog", "Catalog", "{6D27C92C-6731-46C3-8A28-56D90C0597CE}"
EndProject
Project("{9A19103F-16F7-4668-BE54-9A1E7A4F7556}") = "SoftwareShop.Catalog", "Services\Catalog\SoftwareShop.Catalog\SoftwareShop.Catalog.csproj", "{84D500E0-6B98-4C20-A697-4E3BB8B1C6B7}"
EndProject
Project("{2150E333-8FDC-42A3-9474-1A3956D46DE8}") = "Discount", "Discount", "{56D3D871-037F-4E5D-818D-562511013845}"
EndProject
Project("{2150E333-8FDC-42A3-9474-1A3956D46DE8}") = "Ordering", "Ordering", "{D7A41627-D11D-493E-83ED-B566B3277C74}"
EndProject
Project("{9A19103F-16F7-4668-BE54-9A1E7A4F7556}") = "SoftwareShop.Discount", "Services\Discount\SoftwareShop.Discount\SoftwareShop.Discount.csproj", "{48D6614D-2958-4EE9-9D30-CC21ADBB4921}"
EndProject
Project("{9A19103F-16F7-4668-BE54-9A1E7A4F7556}") = "SoftwareShop.Ordering", "Services\Ordering\SoftwareShop.Ordering\SoftwareShop.Ordering.csproj", "{8473BDA3-DDC4-44C5-A920-2348FAD6DC31}"
EndProject
Project("{2150E333-8FDC-42A3-9474-1A3956D46DE8}") = "Requirements", "Requirements", "{2134A1BA-AE1C-41E6-A975-A8E51B0041FC}"
	ProjectSection(SolutionItems) = preProject
		Issues.txt = Issues.txt
	EndProjectSection
EndProject
Global
	GlobalSection(SolutionConfigurationPlatforms) = preSolution
		Debug|Any CPU = Debug|Any CPU
		Release|Any CPU = Release|Any CPU
	EndGlobalSection
	GlobalSection(ProjectConfigurationPlatforms) = postSolution
		{84D500E0-6B98-4C20-A697-4E3BB8B1C6B7}.Debug|Any CPU.ActiveCfg = Debug|Any CPU
		{84D500E0-6B98-4C20-A697-4E3BB8B1C6B7}.Debug|Any CPU.Build.0 = Debug|Any CPU
		{84D500E0-6B98-4C20-A697-4E3BB8B1C6B7}.Release|Any CPU.ActiveCfg = Release|Any CPU
		{84D500E0-6B98-4C20-A697-4E3BB8B1C6B7}.Release|Any CPU.Build.0 = Release|Any CPU
		{48D6614D-2958-4EE9-9D30-CC21ADBB4921}.Debug|Any CPU.ActiveCfg = Debug|Any CPU
		{48D6614D-2958-4EE9-9D30-CC21ADBB4921}.Debug|Any CPU.Build.0 = Debug|Any CPU
		{48D6614D-2958-4EE9-9D30-CC21ADBB4921}.Release|Any CPU.ActiveCfg = Release|Any CPU
		{48D6614D-2958-4EE9-9D30-CC21ADBB4921}.Release|Any CPU.Build.0 = Release|Any CPU
		{8473BDA3-DDC4-44C5-A920-2348FAD6DC31}.Debug|Any CPU.ActiveCfg = Debug|Any CPU
		{8473BDA3-DDC4-44C5-A920-2348FAD6DC31}.Debug|Any CPU.Build.0 = Debug|Any CPU
		{8473BDA3-DDC4-44C5-A920-2348FAD6DC31}.Release|Any CPU.ActiveCfg = Release|Any CPU
		{8473BDA3-DDC4-44C5-A920-2348FAD6DC31}.Release|Any CPU.Build.0 = Release|Any CPU
	EndGlobalSection
	GlobalSection(SolutionProperties) = preSolution
		HideSolutionNode = FALSE
	EndGlobalSection
	GlobalSection(NestedProjects) = preSolution
		{6D27C92C-6731-46C3-8A28-56D90C0597CE} = {780A4145-F0DA-4893-BC90-91AE40B86E5D}
		{84D500E0-6B98-4C20-A697-4E3BB8B1C6B7} = {6D27C92C-6731-46C3-8A28-56D90C0597CE}
		{56D3D871-037F-4E5D-818D-562511013845} = {780A4145-F0DA-4893-BC90-91AE40B86E5D}
		{D7A41627-D11D-493E-83ED-B566B3277C74} = {780A4145-F0DA-4893-BC90-91AE40B86E5D}
		{48D6614D-2958-4EE9-9D30-CC21ADBB4921} = {56D3D871-037F-4E5D-818D-562511013845}
		{8473BDA3-DDC4-44C5-A920-2348FAD6DC31} = {D7A41627-D11D-493E-83ED-B566B3277C74}
	EndGlobalSection
	GlobalSection(ExtensibilityGlobals) = postSolution
		SolutionGuid = {9D78DF6D-AF78-42F5-945D-66E0CE2C53F0}
	EndGlobalSection
EndGlobal
